
Microsoft Visual Studio Solution File, Format Version 12.00
# Visual Studio 15
VisualStudioVersion = 15.0.26730.12
MinimumVisualStudioVersion = 10.0.40219.1
Project("{FAE04EC0-301F-11D3-BF4B-00C04F79EFBC}") = "IntegerLibrary", "..\20_09_17\20.09.17\IntegerLibrary\IntegerLibrary.csproj", "{D1B66DE5-C4B7-424A-B810-413D73CBAA2D}"
EndProject
Project("{FAE04EC0-301F-11D3-BF4B-00C04F79EFBC}") = "IntegerLibrary.Tests", "..\20_09_17\20.09.17\IntegerLibrary.Tests\IntegerLibrary.Tests.csproj", "{3EEFF100-4552-45EC-A937-A7C9FF2AD0E5}"
EndProject
Project("{FAE04EC0-301F-11D3-BF4B-00C04F79EFBC}") = "IntegerLibrary.Tests.NUnit", "..\20_09_17\20.09.17\IntegerLibrary.Tests.NUnit\IntegerLibrary.Tests.NUnit.csproj", "{6FDC0A09-5B44-4FDB-99EB-6FDF20FFF18D}"
EndProject
Global
	GlobalSection(SolutionConfigurationPlatforms) = preSolution
		Debug|Any CPU = Debug|Any CPU
		Release|Any CPU = Release|Any CPU
	EndGlobalSection
	GlobalSection(ProjectConfigurationPlatforms) = postSolution
		{D1B66DE5-C4B7-424A-B810-413D73CBAA2D}.Debug|Any CPU.ActiveCfg = Debug|Any CPU
		{D1B66DE5-C4B7-424A-B810-413D73CBAA2D}.Debug|Any CPU.Build.0 = Debug|Any CPU
		{D1B66DE5-C4B7-424A-B810-413D73CBAA2D}.Release|Any CPU.ActiveCfg = Release|Any CPU
		{D1B66DE5-C4B7-424A-B810-413D73CBAA2D}.Release|Any CPU.Build.0 = Release|Any CPU
		{3EEFF100-4552-45EC-A937-A7C9FF2AD0E5}.Debug|Any CPU.ActiveCfg = Debug|Any CPU
		{3EEFF100-4552-45EC-A937-A7C9FF2AD0E5}.Debug|Any CPU.Build.0 = Debug|Any CPU
		{3EEFF100-4552-45EC-A937-A7C9FF2AD0E5}.Release|Any CPU.ActiveCfg = Release|Any CPU
		{3EEFF100-4552-45EC-A937-A7C9FF2AD0E5}.Release|Any CPU.Build.0 = Release|Any CPU
		{6FDC0A09-5B44-4FDB-99EB-6FDF20FFF18D}.Debug|Any CPU.ActiveCfg = Debug|Any CPU
		{6FDC0A09-5B44-4FDB-99EB-6FDF20FFF18D}.Debug|Any CPU.Build.0 = Debug|Any CPU
		{6FDC0A09-5B44-4FDB-99EB-6FDF20FFF18D}.Release|Any CPU.ActiveCfg = Release|Any CPU
		{6FDC0A09-5B44-4FDB-99EB-6FDF20FFF18D}.Release|Any CPU.Build.0 = Release|Any CPU
	EndGlobalSection
	GlobalSection(SolutionProperties) = preSolution
		HideSolutionNode = FALSE
	EndGlobalSection
	GlobalSection(ExtensibilityGlobals) = postSolution
		SolutionGuid = {78928EE2-0267-4570-8BE3-DFBB3E5B21BD}
	EndGlobalSection
EndGlobal
